
Microsoft Visual Studio Solution File, Format Version 12.00
# Visual Studio Version 17
VisualStudioVersion = 17.8.34511.84
MinimumVisualStudioVersion = 10.0.40219.1
Project("{FAE04EC0-301F-11D3-BF4B-00C04F79EFBC}") = "P05_Melvin", "P05_Melvin\P05_Melvin.csproj", "{9844FBD7-6CA8-480D-9DCB-92D7A905047E}"
EndProject
Global
	GlobalSection(SolutionConfigurationPlatforms) = preSolution
		Debug|Any CPU = Debug|Any CPU
		Release|Any CPU = Release|Any CPU
	EndGlobalSection
	GlobalSection(ProjectConfigurationPlatforms) = postSolution
		{9844FBD7-6CA8-480D-9DCB-92D7A905047E}.Debug|Any CPU.ActiveCfg = Debug|Any CPU
		{9844FBD7-6CA8-480D-9DCB-92D7A905047E}.Debug|Any CPU.Build.0 = Debug|Any CPU
		{9844FBD7-6CA8-480D-9DCB-92D7A905047E}.Release|Any CPU.ActiveCfg = Release|Any CPU
		{9844FBD7-6CA8-480D-9DCB-92D7A905047E}.Release|Any CPU.Build.0 = Release|Any CPU
	EndGlobalSection
	GlobalSection(SolutionProperties) = preSolution
		HideSolutionNode = FALSE
	EndGlobalSection
	GlobalSection(ExtensibilityGlobals) = postSolution
		SolutionGuid = {0ED8C12C-7285-44F9-AABB-AD6EF3E1927B}
	EndGlobalSection
EndGlobal
